// !$*UTF8*$!
{
	archiveVersion = 1;
	classes = {
	};
	objectVersion = 50;
	objects = {

/* Begin PBXBuildFile section */
		F63A88DF24C05FDE001CB0E2 /* PostDetailContainerViewController.swift in Sources */ = {isa = PBXBuildFile; fileRef = F63A88DE24C05FDE001CB0E2 /* PostDetailContainerViewController.swift */; };
		F63A88E124C06099001CB0E2 /* UIView+Extensions.swift in Sources */ = {isa = PBXBuildFile; fileRef = F63A88E024C06099001CB0E2 /* UIView+Extensions.swift */; };
		F63A88E324C06E9E001CB0E2 /* BookmarksManager.swift in Sources */ = {isa = PBXBuildFile; fileRef = F63A88E224C06E9E001CB0E2 /* BookmarksManager.swift */; };
		F63A88E524C06F9E001CB0E2 /* UserDefaultsConfig.swift in Sources */ = {isa = PBXBuildFile; fileRef = F63A88E424C06F9E001CB0E2 /* UserDefaultsConfig.swift */; };
		F65346D124BEF6A700770D9B /* AppDelegate.swift in Sources */ = {isa = PBXBuildFile; fileRef = F65346D024BEF6A700770D9B /* AppDelegate.swift */; };
		F65346D324BEF6A700770D9B /* SceneDelegate.swift in Sources */ = {isa = PBXBuildFile; fileRef = F65346D224BEF6A700770D9B /* SceneDelegate.swift */; };
		F65346DA24BEF6AC00770D9B /* Assets.xcassets in Resources */ = {isa = PBXBuildFile; fileRef = F65346D924BEF6AC00770D9B /* Assets.xcassets */; };
		F65346DD24BEF6AC00770D9B /* LaunchScreen.storyboard in Resources */ = {isa = PBXBuildFile; fileRef = F65346DB24BEF6AC00770D9B /* LaunchScreen.storyboard */; };
		F65346E824BEF6AC00770D9B /* IQUIIGalleryAppTests.swift in Sources */ = {isa = PBXBuildFile; fileRef = F65346E724BEF6AC00770D9B /* IQUIIGalleryAppTests.swift */; };
		F65346F824BEF7DF00770D9B /* AppCoordinator.swift in Sources */ = {isa = PBXBuildFile; fileRef = F65346F724BEF7DF00770D9B /* AppCoordinator.swift */; };
		F65346FC24BEF81B00770D9B /* Coordinator.swift in Sources */ = {isa = PBXBuildFile; fileRef = F65346FB24BEF81B00770D9B /* Coordinator.swift */; };
		F65346FE24BEF88800770D9B /* AppCoordinatorTests.swift in Sources */ = {isa = PBXBuildFile; fileRef = F65346FD24BEF88800770D9B /* AppCoordinatorTests.swift */; };
		F653470124BEFC0300770D9B /* ListViewController.swift in Sources */ = {isa = PBXBuildFile; fileRef = F65346FF24BEFC0300770D9B /* ListViewController.swift */; };
		F653470224BEFC0300770D9B /* ListViewController.xib in Resources */ = {isa = PBXBuildFile; fileRef = F653470024BEFC0300770D9B /* ListViewController.xib */; };
		F653470524BEFD0400770D9B /* PostsCoordinator.swift in Sources */ = {isa = PBXBuildFile; fileRef = F653470424BEFD0400770D9B /* PostsCoordinator.swift */; };
		F653470724BEFD5400770D9B /* ListCoordinatorTests.swift in Sources */ = {isa = PBXBuildFile; fileRef = F653470624BEFD5400770D9B /* ListCoordinatorTests.swift */; };
		F653470A24BF013B00770D9B /* RedditServices.swift in Sources */ = {isa = PBXBuildFile; fileRef = F653470924BF013B00770D9B /* RedditServices.swift */; };
		F653470C24BF040000770D9B /* PostTests.swift in Sources */ = {isa = PBXBuildFile; fileRef = F653470B24BF040000770D9B /* PostTests.swift */; };
		F653470E24BF041D00770D9B /* Post.swift in Sources */ = {isa = PBXBuildFile; fileRef = F653470D24BF041D00770D9B /* Post.swift */; };
		F653471124BF043800770D9B /* AppError.swift in Sources */ = {isa = PBXBuildFile; fileRef = F653470F24BF043400770D9B /* AppError.swift */; };
		F653471324BF044700770D9B /* AppErrorTests.swift in Sources */ = {isa = PBXBuildFile; fileRef = F653471224BF044700770D9B /* AppErrorTests.swift */; };
		F6D686B724BF0AFC00BB0D3B /* posts.json in Resources */ = {isa = PBXBuildFile; fileRef = F6D686B624BF0AFC00BB0D3B /* posts.json */; };
		F6D686B924BF0B7700BB0D3B /* MockMapOperation.swift in Sources */ = {isa = PBXBuildFile; fileRef = F6D686B824BF0B7700BB0D3B /* MockMapOperation.swift */; };
		F6D686BB24BF0BD200BB0D3B /* MockMapOperationTests.swift in Sources */ = {isa = PBXBuildFile; fileRef = F6D686BA24BF0BD200BB0D3B /* MockMapOperationTests.swift */; };
		F6D686BD24BF0DA600BB0D3B /* MockRedditServices.swift in Sources */ = {isa = PBXBuildFile; fileRef = F6D686BC24BF0DA600BB0D3B /* MockRedditServices.swift */; };
		F6D686BF24BF0E2600BB0D3B /* RedditServicesTests.swift in Sources */ = {isa = PBXBuildFile; fileRef = F6D686BE24BF0E2600BB0D3B /* RedditServicesTests.swift */; };
		F6D686C124BF12C300BB0D3B /* PostList.swift in Sources */ = {isa = PBXBuildFile; fileRef = F6D686C024BF12C300BB0D3B /* PostList.swift */; };
		F6D686C324BF1B1F00BB0D3B /* Agent.swift in Sources */ = {isa = PBXBuildFile; fileRef = F6D686C224BF1B1F00BB0D3B /* Agent.swift */; };
		F6D686C524BF1B7600BB0D3B /* RealRedditServices.swift in Sources */ = {isa = PBXBuildFile; fileRef = F6D686C424BF1B7600BB0D3B /* RealRedditServices.swift */; };
		F6D686C724BF320300BB0D3B /* ReusableView.swift in Sources */ = {isa = PBXBuildFile; fileRef = F6D686C624BF320300BB0D3B /* ReusableView.swift */; };
		F6D686C924BF321B00BB0D3B /* UICollectionView+Extensions.swift in Sources */ = {isa = PBXBuildFile; fileRef = F6D686C824BF321B00BB0D3B /* UICollectionView+Extensions.swift */; };
		F6D686CC24BF325F00BB0D3B /* ListCollectionViewCell.swift in Sources */ = {isa = PBXBuildFile; fileRef = F6D686CA24BF325F00BB0D3B /* ListCollectionViewCell.swift */; };
		F6D686CD24BF325F00BB0D3B /* ListCollectionViewCell.xib in Resources */ = {isa = PBXBuildFile; fileRef = F6D686CB24BF325F00BB0D3B /* ListCollectionViewCell.xib */; };
		F6D686D124BF397100BB0D3B /* UIImageView+Extensions.swift in Sources */ = {isa = PBXBuildFile; fileRef = F6D686D024BF397100BB0D3B /* UIImageView+Extensions.swift */; };
		F6D686D324BF3EB200BB0D3B /* RedditFilter.swift in Sources */ = {isa = PBXBuildFile; fileRef = F6D686D224BF3EB200BB0D3B /* RedditFilter.swift */; };
		F6D686D524BF563800BB0D3B /* UISearcBarTextField+Extensions.swift in Sources */ = {isa = PBXBuildFile; fileRef = F6D686D424BF563800BB0D3B /* UISearcBarTextField+Extensions.swift */; };
		F6D686D724C02E2500BB0D3B /* PostsRequest.swift in Sources */ = {isa = PBXBuildFile; fileRef = F6D686D624C02E2500BB0D3B /* PostsRequest.swift */; };
		F6D686D924C04AC300BB0D3B /* Constants.swift in Sources */ = {isa = PBXBuildFile; fileRef = F6D686D824C04AC300BB0D3B /* Constants.swift */; };
		F6D686DB24C04AF800BB0D3B /* Int+Etensions.swift in Sources */ = {isa = PBXBuildFile; fileRef = F6D686DA24C04AF800BB0D3B /* Int+Etensions.swift */; };
		F6D686E124C04F8900BB0D3B /* PostDetailsViewController.swift in Sources */ = {isa = PBXBuildFile; fileRef = F6D686DF24C04F8900BB0D3B /* PostDetailsViewController.swift */; };
		F6D686E224C04F8900BB0D3B /* PostDetailsViewController.xib in Resources */ = {isa = PBXBuildFile; fileRef = F6D686E024C04F8900BB0D3B /* PostDetailsViewController.xib */; };
		F6D90D1124C07AAF00D37610 /* BookmarksCoordinator.swift in Sources */ = {isa = PBXBuildFile; fileRef = F6D90D1024C07AAF00D37610 /* BookmarksCoordinator.swift */; };
		F6D90D1324C07ADA00D37610 /* BookmarksViewController.swift in Sources */ = {isa = PBXBuildFile; fileRef = F6D90D1224C07ADA00D37610 /* BookmarksViewController.swift */; };
		F6D90D1524C07E1A00D37610 /* UITableView+Extensions.swift in Sources */ = {isa = PBXBuildFile; fileRef = F6D90D1424C07E1A00D37610 /* UITableView+Extensions.swift */; };
		F6D90D1924C07E5900D37610 /* BookmarksTableViewCell.swift in Sources */ = {isa = PBXBuildFile; fileRef = F6D90D1724C07E5900D37610 /* BookmarksTableViewCell.swift */; };
		F6D90D1A24C07E5900D37610 /* BookmarksTableViewCell.xib in Resources */ = {isa = PBXBuildFile; fileRef = F6D90D1824C07E5900D37610 /* BookmarksTableViewCell.xib */; };
/* End PBXBuildFile section */

/* Begin PBXContainerItemProxy section */
		F65346E424BEF6AC00770D9B /* PBXContainerItemProxy */ = {
			isa = PBXContainerItemProxy;
			containerPortal = F65346C524BEF6A700770D9B /* Project object */;
			proxyType = 1;
			remoteGlobalIDString = F65346CC24BEF6A700770D9B;
			remoteInfo = IQUIIGalleryApp;
		};
/* End PBXContainerItemProxy section */

/* Begin PBXFileReference section */
		F63A88DE24C05FDE001CB0E2 /* PostDetailContainerViewController.swift */ = {isa = PBXFileReference; lastKnownFileType = sourcecode.swift; path = PostDetailContainerViewController.swift; sourceTree = "<group>"; };
		F63A88E024C06099001CB0E2 /* UIView+Extensions.swift */ = {isa = PBXFileReference; lastKnownFileType = sourcecode.swift; path = "UIView+Extensions.swift"; sourceTree = "<group>"; };
		F63A88E224C06E9E001CB0E2 /* BookmarksManager.swift */ = {isa = PBXFileReference; lastKnownFileType = sourcecode.swift; path = BookmarksManager.swift; sourceTree = "<group>"; };
		F63A88E424C06F9E001CB0E2 /* UserDefaultsConfig.swift */ = {isa = PBXFileReference; lastKnownFileType = sourcecode.swift; path = UserDefaultsConfig.swift; sourceTree = "<group>"; };
		F65346CD24BEF6A700770D9B /* IQUIIGalleryApp.app */ = {isa = PBXFileReference; explicitFileType = wrapper.application; includeInIndex = 0; path = IQUIIGalleryApp.app; sourceTree = BUILT_PRODUCTS_DIR; };
		F65346D024BEF6A700770D9B /* AppDelegate.swift */ = {isa = PBXFileReference; lastKnownFileType = sourcecode.swift; path = AppDelegate.swift; sourceTree = "<group>"; };
		F65346D224BEF6A700770D9B /* SceneDelegate.swift */ = {isa = PBXFileReference; lastKnownFileType = sourcecode.swift; path = SceneDelegate.swift; sourceTree = "<group>"; };
		F65346D924BEF6AC00770D9B /* Assets.xcassets */ = {isa = PBXFileReference; lastKnownFileType = folder.assetcatalog; path = Assets.xcassets; sourceTree = "<group>"; };
		F65346DC24BEF6AC00770D9B /* Base */ = {isa = PBXFileReference; lastKnownFileType = file.storyboard; name = Base; path = Base.lproj/LaunchScreen.storyboard; sourceTree = "<group>"; };
		F65346DE24BEF6AC00770D9B /* Info.plist */ = {isa = PBXFileReference; lastKnownFileType = text.plist.xml; path = Info.plist; sourceTree = "<group>"; };
		F65346E324BEF6AC00770D9B /* IQUIIGalleryAppTests.xctest */ = {isa = PBXFileReference; explicitFileType = wrapper.cfbundle; includeInIndex = 0; path = IQUIIGalleryAppTests.xctest; sourceTree = BUILT_PRODUCTS_DIR; };
		F65346E724BEF6AC00770D9B /* IQUIIGalleryAppTests.swift */ = {isa = PBXFileReference; lastKnownFileType = sourcecode.swift; path = IQUIIGalleryAppTests.swift; sourceTree = "<group>"; };
		F65346E924BEF6AC00770D9B /* Info.plist */ = {isa = PBXFileReference; lastKnownFileType = text.plist.xml; path = Info.plist; sourceTree = "<group>"; };
		F65346F724BEF7DF00770D9B /* AppCoordinator.swift */ = {isa = PBXFileReference; lastKnownFileType = sourcecode.swift; path = AppCoordinator.swift; sourceTree = "<group>"; };
		F65346FB24BEF81B00770D9B /* Coordinator.swift */ = {isa = PBXFileReference; lastKnownFileType = sourcecode.swift; path = Coordinator.swift; sourceTree = "<group>"; };
		F65346FD24BEF88800770D9B /* AppCoordinatorTests.swift */ = {isa = PBXFileReference; lastKnownFileType = sourcecode.swift; path = AppCoordinatorTests.swift; sourceTree = "<group>"; };
		F65346FF24BEFC0300770D9B /* ListViewController.swift */ = {isa = PBXFileReference; lastKnownFileType = sourcecode.swift; path = ListViewController.swift; sourceTree = "<group>"; };
		F653470024BEFC0300770D9B /* ListViewController.xib */ = {isa = PBXFileReference; lastKnownFileType = file.xib; path = ListViewController.xib; sourceTree = "<group>"; };
		F653470424BEFD0400770D9B /* PostsCoordinator.swift */ = {isa = PBXFileReference; lastKnownFileType = sourcecode.swift; path = PostsCoordinator.swift; sourceTree = "<group>"; };
		F653470624BEFD5400770D9B /* ListCoordinatorTests.swift */ = {isa = PBXFileReference; lastKnownFileType = sourcecode.swift; path = ListCoordinatorTests.swift; sourceTree = "<group>"; };
		F653470924BF013B00770D9B /* RedditServices.swift */ = {isa = PBXFileReference; lastKnownFileType = sourcecode.swift; path = RedditServices.swift; sourceTree = "<group>"; };
		F653470B24BF040000770D9B /* PostTests.swift */ = {isa = PBXFileReference; lastKnownFileType = sourcecode.swift; path = PostTests.swift; sourceTree = "<group>"; };
		F653470D24BF041D00770D9B /* Post.swift */ = {isa = PBXFileReference; lastKnownFileType = sourcecode.swift; path = Post.swift; sourceTree = "<group>"; };
		F653470F24BF043400770D9B /* AppError.swift */ = {isa = PBXFileReference; lastKnownFileType = sourcecode.swift; path = AppError.swift; sourceTree = "<group>"; };
		F653471224BF044700770D9B /* AppErrorTests.swift */ = {isa = PBXFileReference; lastKnownFileType = sourcecode.swift; path = AppErrorTests.swift; sourceTree = "<group>"; };
		F6D686B624BF0AFC00BB0D3B /* posts.json */ = {isa = PBXFileReference; fileEncoding = 4; lastKnownFileType = text.json; path = posts.json; sourceTree = "<group>"; };
		F6D686B824BF0B7700BB0D3B /* MockMapOperation.swift */ = {isa = PBXFileReference; lastKnownFileType = sourcecode.swift; path = MockMapOperation.swift; sourceTree = "<group>"; };
		F6D686BA24BF0BD200BB0D3B /* MockMapOperationTests.swift */ = {isa = PBXFileReference; lastKnownFileType = sourcecode.swift; path = MockMapOperationTests.swift; sourceTree = "<group>"; };
		F6D686BC24BF0DA600BB0D3B /* MockRedditServices.swift */ = {isa = PBXFileReference; lastKnownFileType = sourcecode.swift; path = MockRedditServices.swift; sourceTree = "<group>"; };
		F6D686BE24BF0E2600BB0D3B /* RedditServicesTests.swift */ = {isa = PBXFileReference; lastKnownFileType = sourcecode.swift; path = RedditServicesTests.swift; sourceTree = "<group>"; };
		F6D686C024BF12C300BB0D3B /* PostList.swift */ = {isa = PBXFileReference; lastKnownFileType = sourcecode.swift; path = PostList.swift; sourceTree = "<group>"; };
		F6D686C224BF1B1F00BB0D3B /* Agent.swift */ = {isa = PBXFileReference; lastKnownFileType = sourcecode.swift; path = Agent.swift; sourceTree = "<group>"; };
		F6D686C424BF1B7600BB0D3B /* RealRedditServices.swift */ = {isa = PBXFileReference; lastKnownFileType = sourcecode.swift; path = RealRedditServices.swift; sourceTree = "<group>"; };
		F6D686C624BF320300BB0D3B /* ReusableView.swift */ = {isa = PBXFileReference; lastKnownFileType = sourcecode.swift; path = ReusableView.swift; sourceTree = "<group>"; };
		F6D686C824BF321B00BB0D3B /* UICollectionView+Extensions.swift */ = {isa = PBXFileReference; lastKnownFileType = sourcecode.swift; path = "UICollectionView+Extensions.swift"; sourceTree = "<group>"; };
		F6D686CA24BF325F00BB0D3B /* ListCollectionViewCell.swift */ = {isa = PBXFileReference; lastKnownFileType = sourcecode.swift; path = ListCollectionViewCell.swift; sourceTree = "<group>"; };
		F6D686CB24BF325F00BB0D3B /* ListCollectionViewCell.xib */ = {isa = PBXFileReference; lastKnownFileType = file.xib; path = ListCollectionViewCell.xib; sourceTree = "<group>"; };
		F6D686D024BF397100BB0D3B /* UIImageView+Extensions.swift */ = {isa = PBXFileReference; lastKnownFileType = sourcecode.swift; path = "UIImageView+Extensions.swift"; sourceTree = "<group>"; };
		F6D686D224BF3EB200BB0D3B /* RedditFilter.swift */ = {isa = PBXFileReference; lastKnownFileType = sourcecode.swift; path = RedditFilter.swift; sourceTree = "<group>"; };
		F6D686D424BF563800BB0D3B /* UISearcBarTextField+Extensions.swift */ = {isa = PBXFileReference; lastKnownFileType = sourcecode.swift; path = "UISearcBarTextField+Extensions.swift"; sourceTree = "<group>"; };
		F6D686D624C02E2500BB0D3B /* PostsRequest.swift */ = {isa = PBXFileReference; lastKnownFileType = sourcecode.swift; path = PostsRequest.swift; sourceTree = "<group>"; };
		F6D686D824C04AC300BB0D3B /* Constants.swift */ = {isa = PBXFileReference; lastKnownFileType = sourcecode.swift; path = Constants.swift; sourceTree = "<group>"; };
		F6D686DA24C04AF800BB0D3B /* Int+Etensions.swift */ = {isa = PBXFileReference; lastKnownFileType = sourcecode.swift; path = "Int+Etensions.swift"; sourceTree = "<group>"; };
		F6D686DF24C04F8900BB0D3B /* PostDetailsViewController.swift */ = {isa = PBXFileReference; lastKnownFileType = sourcecode.swift; path = PostDetailsViewController.swift; sourceTree = "<group>"; };
		F6D686E024C04F8900BB0D3B /* PostDetailsViewController.xib */ = {isa = PBXFileReference; lastKnownFileType = file.xib; path = PostDetailsViewController.xib; sourceTree = "<group>"; };
		F6D90D1024C07AAF00D37610 /* BookmarksCoordinator.swift */ = {isa = PBXFileReference; lastKnownFileType = sourcecode.swift; path = BookmarksCoordinator.swift; sourceTree = "<group>"; };
		F6D90D1224C07ADA00D37610 /* BookmarksViewController.swift */ = {isa = PBXFileReference; lastKnownFileType = sourcecode.swift; path = BookmarksViewController.swift; sourceTree = "<group>"; };
		F6D90D1424C07E1A00D37610 /* UITableView+Extensions.swift */ = {isa = PBXFileReference; lastKnownFileType = sourcecode.swift; path = "UITableView+Extensions.swift"; sourceTree = "<group>"; };
		F6D90D1724C07E5900D37610 /* BookmarksTableViewCell.swift */ = {isa = PBXFileReference; lastKnownFileType = sourcecode.swift; path = BookmarksTableViewCell.swift; sourceTree = "<group>"; };
		F6D90D1824C07E5900D37610 /* BookmarksTableViewCell.xib */ = {isa = PBXFileReference; lastKnownFileType = file.xib; path = BookmarksTableViewCell.xib; sourceTree = "<group>"; };
/* End PBXFileReference section */

/* Begin PBXFrameworksBuildPhase section */
		F65346CA24BEF6A700770D9B /* Frameworks */ = {
			isa = PBXFrameworksBuildPhase;
			buildActionMask = 2147483647;
			files = (
			);
			runOnlyForDeploymentPostprocessing = 0;
		};
		F65346E024BEF6AC00770D9B /* Frameworks */ = {
			isa = PBXFrameworksBuildPhase;
			buildActionMask = 2147483647;
			files = (
			);
			runOnlyForDeploymentPostprocessing = 0;
		};
/* End PBXFrameworksBuildPhase section */

/* Begin PBXGroup section */
		F63A88DC24C05FB4001CB0E2 /* Container */ = {
			isa = PBXGroup;
			children = (
				F63A88DE24C05FDE001CB0E2 /* PostDetailContainerViewController.swift */,
			);
			path = Container;
			sourceTree = "<group>";
		};
		F63A88DD24C05FBC001CB0E2 /* Detail */ = {
			isa = PBXGroup;
			children = (
				F6D686DF24C04F8900BB0D3B /* PostDetailsViewController.swift */,
				F6D686E024C04F8900BB0D3B /* PostDetailsViewController.xib */,
			);
			path = Detail;
			sourceTree = "<group>";
		};
		F65346C424BEF6A700770D9B = {
			isa = PBXGroup;
			children = (
				F65346CF24BEF6A700770D9B /* IQUIIGalleryApp */,
				F65346E624BEF6AC00770D9B /* IQUIIGalleryAppTests */,
				F65346CE24BEF6A700770D9B /* Products */,
			);
			sourceTree = "<group>";
		};
		F65346CE24BEF6A700770D9B /* Products */ = {
			isa = PBXGroup;
			children = (
				F65346CD24BEF6A700770D9B /* IQUIIGalleryApp.app */,
				F65346E324BEF6AC00770D9B /* IQUIIGalleryAppTests.xctest */,
			);
			name = Products;
			sourceTree = "<group>";
		};
		F65346CF24BEF6A700770D9B /* IQUIIGalleryApp */ = {
			isa = PBXGroup;
			children = (
				F65346F224BEF73D00770D9B /* Application */,
				F65346F924BEF7E300770D9B /* Coordinators */,
				F6D686CF24BF396200BB0D3B /* Extensions */,
				F65346F324BEF74500770D9B /* Models */,
				F65346FA24BEF7FF00770D9B /* Protocols */,
				F65346F524BEF76400770D9B /* Resources */,
				F65346F424BEF75700770D9B /* Scenes */,
				F65346F624BEF76F00770D9B /* Storyboards */,
			);
			path = IQUIIGalleryApp;
			sourceTree = "<group>";
		};
		F65346E624BEF6AC00770D9B /* IQUIIGalleryAppTests */ = {
			isa = PBXGroup;
			children = (
				F65346E924BEF6AC00770D9B /* Info.plist */,
				F65346FD24BEF88800770D9B /* AppCoordinatorTests.swift */,
				F653471224BF044700770D9B /* AppErrorTests.swift */,
				F65346E724BEF6AC00770D9B /* IQUIIGalleryAppTests.swift */,
				F653470624BEFD5400770D9B /* ListCoordinatorTests.swift */,
				F6D686BA24BF0BD200BB0D3B /* MockMapOperationTests.swift */,
				F6D686BE24BF0E2600BB0D3B /* RedditServicesTests.swift */,
				F653470B24BF040000770D9B /* PostTests.swift */,
			);
			path = IQUIIGalleryAppTests;
			sourceTree = "<group>";
		};
		F65346F224BEF73D00770D9B /* Application */ = {
			isa = PBXGroup;
			children = (
				F6D686D824C04AC300BB0D3B /* Constants.swift */,
				F65346DE24BEF6AC00770D9B /* Info.plist */,
				F65346D024BEF6A700770D9B /* AppDelegate.swift */,
				F65346D224BEF6A700770D9B /* SceneDelegate.swift */,
			);
			path = Application;
			sourceTree = "<group>";
		};
		F65346F324BEF74500770D9B /* Models */ = {
			isa = PBXGroup;
			children = (
				F6D686C024BF12C300BB0D3B /* PostList.swift */,
				F653470D24BF041D00770D9B /* Post.swift */,
				F653470F24BF043400770D9B /* AppError.swift */,
				F6D686B824BF0B7700BB0D3B /* MockMapOperation.swift */,
				F6D686BC24BF0DA600BB0D3B /* MockRedditServices.swift */,
				F6D686C424BF1B7600BB0D3B /* RealRedditServices.swift */,
				F6D686C224BF1B1F00BB0D3B /* Agent.swift */,
				F6D686D224BF3EB200BB0D3B /* RedditFilter.swift */,
				F6D686D624C02E2500BB0D3B /* PostsRequest.swift */,
				F63A88E224C06E9E001CB0E2 /* BookmarksManager.swift */,
				F63A88E424C06F9E001CB0E2 /* UserDefaultsConfig.swift */,
			);
			path = Models;
			sourceTree = "<group>";
		};
		F65346F424BEF75700770D9B /* Scenes */ = {
			isa = PBXGroup;
			children = (
				F653470424BEFD0400770D9B /* PostsCoordinator.swift */,
				F653470324BEFCEE00770D9B /* List */,
				F6D686DE24C04EFA00BB0D3B /* Details */,
				F6D90D0F24C07A9400D37610 /* Bookmarks */,
			);
			path = Scenes;
			sourceTree = "<group>";
		};
		F65346F524BEF76400770D9B /* Resources */ = {
			isa = PBXGroup;
			children = (
				F653471424BF0A9E00770D9B /* Fake data */,
				F65346D924BEF6AC00770D9B /* Assets.xcassets */,
			);
			path = Resources;
			sourceTree = "<group>";
		};
		F65346F624BEF76F00770D9B /* Storyboards */ = {
			isa = PBXGroup;
			children = (
				F65346DB24BEF6AC00770D9B /* LaunchScreen.storyboard */,
			);
			path = Storyboards;
			sourceTree = "<group>";
		};
		F65346F924BEF7E300770D9B /* Coordinators */ = {
			isa = PBXGroup;
			children = (
				F65346F724BEF7DF00770D9B /* AppCoordinator.swift */,
			);
			path = Coordinators;
			sourceTree = "<group>";
		};
		F65346FA24BEF7FF00770D9B /* Protocols */ = {
			isa = PBXGroup;
			children = (
				F65346FB24BEF81B00770D9B /* Coordinator.swift */,
				F653470924BF013B00770D9B /* RedditServices.swift */,
				F6D686C624BF320300BB0D3B /* ReusableView.swift */,
			);
			path = Protocols;
			sourceTree = "<group>";
		};
		F653470324BEFCEE00770D9B /* List */ = {
			isa = PBXGroup;
			children = (
				F65346FF24BEFC0300770D9B /* ListViewController.swift */,
				F653470024BEFC0300770D9B /* ListViewController.xib */,
				F6D686CE24BF32B000BB0D3B /* Cells */,
			);
			path = List;
			sourceTree = "<group>";
		};
		F653471424BF0A9E00770D9B /* Fake data */ = {
			isa = PBXGroup;
			children = (
				F6D686B624BF0AFC00BB0D3B /* posts.json */,
			);
			path = "Fake data";
			sourceTree = "<group>";
		};
		F6D686CE24BF32B000BB0D3B /* Cells */ = {
			isa = PBXGroup;
			children = (
				F6D686CA24BF325F00BB0D3B /* ListCollectionViewCell.swift */,
				F6D686CB24BF325F00BB0D3B /* ListCollectionViewCell.xib */,
			);
			path = Cells;
			sourceTree = "<group>";
		};
		F6D686CF24BF396200BB0D3B /* Extensions */ = {
			isa = PBXGroup;
			children = (
				F6D686C824BF321B00BB0D3B /* UICollectionView+Extensions.swift */,
				F6D686D024BF397100BB0D3B /* UIImageView+Extensions.swift */,
				F6D686D424BF563800BB0D3B /* UISearcBarTextField+Extensions.swift */,
				F6D686DA24C04AF800BB0D3B /* Int+Etensions.swift */,
				F63A88E024C06099001CB0E2 /* UIView+Extensions.swift */,
				F6D90D1424C07E1A00D37610 /* UITableView+Extensions.swift */,
			);
			path = Extensions;
			sourceTree = "<group>";
		};
		F6D686DE24C04EFA00BB0D3B /* Details */ = {
			isa = PBXGroup;
			children = (
				F63A88DC24C05FB4001CB0E2 /* Container */,
				F63A88DD24C05FBC001CB0E2 /* Detail */,
			);
			path = Details;
			sourceTree = "<group>";
		};
		F6D90D0F24C07A9400D37610 /* Bookmarks */ = {
			isa = PBXGroup;
			children = (
				F6D90D1624C07E4900D37610 /* Cells */,
				F6D90D1024C07AAF00D37610 /* BookmarksCoordinator.swift */,
				F6D90D1224C07ADA00D37610 /* BookmarksViewController.swift */,
			);
			path = Bookmarks;
			sourceTree = "<group>";
		};
		F6D90D1624C07E4900D37610 /* Cells */ = {
			isa = PBXGroup;
			children = (
				F6D90D1724C07E5900D37610 /* BookmarksTableViewCell.swift */,
				F6D90D1824C07E5900D37610 /* BookmarksTableViewCell.xib */,
			);
			path = Cells;
			sourceTree = "<group>";
		};
/* End PBXGroup section */

/* Begin PBXNativeTarget section */
		F65346CC24BEF6A700770D9B /* IQUIIGalleryApp */ = {
			isa = PBXNativeTarget;
			buildConfigurationList = F65346EC24BEF6AC00770D9B /* Build configuration list for PBXNativeTarget "IQUIIGalleryApp" */;
			buildPhases = (
				F65346C924BEF6A700770D9B /* Sources */,
				F65346CA24BEF6A700770D9B /* Frameworks */,
				F65346CB24BEF6A700770D9B /* Resources */,
			);
			buildRules = (
			);
			dependencies = (
			);
			name = IQUIIGalleryApp;
			productName = IQUIIGalleryApp;
			productReference = F65346CD24BEF6A700770D9B /* IQUIIGalleryApp.app */;
			productType = "com.apple.product-type.application";
		};
		F65346E224BEF6AC00770D9B /* IQUIIGalleryAppTests */ = {
			isa = PBXNativeTarget;
			buildConfigurationList = F65346EF24BEF6AC00770D9B /* Build configuration list for PBXNativeTarget "IQUIIGalleryAppTests" */;
			buildPhases = (
				F65346DF24BEF6AC00770D9B /* Sources */,
				F65346E024BEF6AC00770D9B /* Frameworks */,
				F65346E124BEF6AC00770D9B /* Resources */,
			);
			buildRules = (
			);
			dependencies = (
				F65346E524BEF6AC00770D9B /* PBXTargetDependency */,
			);
			name = IQUIIGalleryAppTests;
			productName = IQUIIGalleryAppTests;
			productReference = F65346E324BEF6AC00770D9B /* IQUIIGalleryAppTests.xctest */;
			productType = "com.apple.product-type.bundle.unit-test";
		};
/* End PBXNativeTarget section */

/* Begin PBXProject section */
		F65346C524BEF6A700770D9B /* Project object */ = {
			isa = PBXProject;
			attributes = {
				LastSwiftUpdateCheck = 1150;
				LastUpgradeCheck = 1150;
				ORGANIZATIONNAME = iquii;
				TargetAttributes = {
					F65346CC24BEF6A700770D9B = {
						CreatedOnToolsVersion = 11.5;
					};
					F65346E224BEF6AC00770D9B = {
						CreatedOnToolsVersion = 11.5;
						TestTargetID = F65346CC24BEF6A700770D9B;
					};
				};
			};
			buildConfigurationList = F65346C824BEF6A700770D9B /* Build configuration list for PBXProject "IQUIIGalleryApp" */;
			compatibilityVersion = "Xcode 9.3";
			developmentRegion = en;
			hasScannedForEncodings = 0;
			knownRegions = (
				en,
				Base,
			);
			mainGroup = F65346C424BEF6A700770D9B;
			productRefGroup = F65346CE24BEF6A700770D9B /* Products */;
			projectDirPath = "";
			projectRoot = "";
			targets = (
				F65346CC24BEF6A700770D9B /* IQUIIGalleryApp */,
				F65346E224BEF6AC00770D9B /* IQUIIGalleryAppTests */,
			);
		};
/* End PBXProject section */

/* Begin PBXResourcesBuildPhase section */
		F65346CB24BEF6A700770D9B /* Resources */ = {
			isa = PBXResourcesBuildPhase;
			buildActionMask = 2147483647;
			files = (
				F6D90D1A24C07E5900D37610 /* BookmarksTableViewCell.xib in Resources */,
				F6D686CD24BF325F00BB0D3B /* ListCollectionViewCell.xib in Resources */,
				F65346DD24BEF6AC00770D9B /* LaunchScreen.storyboard in Resources */,
				F6D686B724BF0AFC00BB0D3B /* posts.json in Resources */,
				F65346DA24BEF6AC00770D9B /* Assets.xcassets in Resources */,
				F653470224BEFC0300770D9B /* ListViewController.xib in Resources */,
				F6D686E224C04F8900BB0D3B /* PostDetailsViewController.xib in Resources */,
			);
			runOnlyForDeploymentPostprocessing = 0;
		};
		F65346E124BEF6AC00770D9B /* Resources */ = {
			isa = PBXResourcesBuildPhase;
			buildActionMask = 2147483647;
			files = (
			);
			runOnlyForDeploymentPostprocessing = 0;
		};
/* End PBXResourcesBuildPhase section */

/* Begin PBXSourcesBuildPhase section */
		F65346C924BEF6A700770D9B /* Sources */ = {
			isa = PBXSourcesBuildPhase;
			buildActionMask = 2147483647;
			files = (
				F6D90D1324C07ADA00D37610 /* BookmarksViewController.swift in Sources */,
				F6D686CC24BF325F00BB0D3B /* ListCollectionViewCell.swift in Sources */,
				F65346F824BEF7DF00770D9B /* AppCoordinator.swift in Sources */,
				F6D90D1924C07E5900D37610 /* BookmarksTableViewCell.swift in Sources */,
				F6D686C924BF321B00BB0D3B /* UICollectionView+Extensions.swift in Sources */,
				F6D686D324BF3EB200BB0D3B /* RedditFilter.swift in Sources */,
				F6D686D524BF563800BB0D3B /* UISearcBarTextField+Extensions.swift in Sources */,
				F6D686BD24BF0DA600BB0D3B /* MockRedditServices.swift in Sources */,
				F6D686D924C04AC300BB0D3B /* Constants.swift in Sources */,
				F6D686D124BF397100BB0D3B /* UIImageView+Extensions.swift in Sources */,
				F653471124BF043800770D9B /* AppError.swift in Sources */,
				F6D90D1524C07E1A00D37610 /* UITableView+Extensions.swift in Sources */,
				F653470124BEFC0300770D9B /* ListViewController.swift in Sources */,
				F653470E24BF041D00770D9B /* Post.swift in Sources */,
				F653470524BEFD0400770D9B /* PostsCoordinator.swift in Sources */,
				F6D90D1124C07AAF00D37610 /* BookmarksCoordinator.swift in Sources */,
				F6D686C324BF1B1F00BB0D3B /* Agent.swift in Sources */,
				F6D686B924BF0B7700BB0D3B /* MockMapOperation.swift in Sources */,
				F6D686C524BF1B7600BB0D3B /* RealRedditServices.swift in Sources */,
				F65346FC24BEF81B00770D9B /* Coordinator.swift in Sources */,
				F63A88DF24C05FDE001CB0E2 /* PostDetailContainerViewController.swift in Sources */,
				F6D686C724BF320300BB0D3B /* ReusableView.swift in Sources */,
				F63A88E124C06099001CB0E2 /* UIView+Extensions.swift in Sources */,
				F6D686D724C02E2500BB0D3B /* PostsRequest.swift in Sources */,
				F63A88E524C06F9E001CB0E2 /* UserDefaultsConfig.swift in Sources */,
				F653470A24BF013B00770D9B /* RedditServices.swift in Sources */,
				F6D686DB24C04AF800BB0D3B /* Int+Etensions.swift in Sources */,
				F65346D124BEF6A700770D9B /* AppDelegate.swift in Sources */,
				F63A88E324C06E9E001CB0E2 /* BookmarksManager.swift in Sources */,
				F6D686E124C04F8900BB0D3B /* PostDetailsViewController.swift in Sources */,
				F6D686C124BF12C300BB0D3B /* PostList.swift in Sources */,
				F65346D324BEF6A700770D9B /* SceneDelegate.swift in Sources */,
			);
			runOnlyForDeploymentPostprocessing = 0;
		};
		F65346DF24BEF6AC00770D9B /* Sources */ = {
			isa = PBXSourcesBuildPhase;
			buildActionMask = 2147483647;
			files = (
				F653470C24BF040000770D9B /* PostTests.swift in Sources */,
				F653470724BEFD5400770D9B /* ListCoordinatorTests.swift in Sources */,
				F6D686BB24BF0BD200BB0D3B /* MockMapOperationTests.swift in Sources */,
				F653471324BF044700770D9B /* AppErrorTests.swift in Sources */,
				F65346FE24BEF88800770D9B /* AppCoordinatorTests.swift in Sources */,
				F6D686BF24BF0E2600BB0D3B /* RedditServicesTests.swift in Sources */,
				F65346E824BEF6AC00770D9B /* IQUIIGalleryAppTests.swift in Sources */,
			);
			runOnlyForDeploymentPostprocessing = 0;
		};
/* End PBXSourcesBuildPhase section */

/* Begin PBXTargetDependency section */
		F65346E524BEF6AC00770D9B /* PBXTargetDependency */ = {
			isa = PBXTargetDependency;
			target = F65346CC24BEF6A700770D9B /* IQUIIGalleryApp */;
			targetProxy = F65346E424BEF6AC00770D9B /* PBXContainerItemProxy */;
		};
/* End PBXTargetDependency section */

/* Begin PBXVariantGroup section */
		F65346DB24BEF6AC00770D9B /* LaunchScreen.storyboard */ = {
			isa = PBXVariantGroup;
			children = (
				F65346DC24BEF6AC00770D9B /* Base */,
			);
			name = LaunchScreen.storyboard;
			sourceTree = "<group>";
		};
/* End PBXVariantGroup section */

/* Begin XCBuildConfiguration section */
		F65346EA24BEF6AC00770D9B /* Debug */ = {
			isa = XCBuildConfiguration;
			buildSettings = {
				ALWAYS_SEARCH_USER_PATHS = NO;
				CLANG_ANALYZER_NONNULL = YES;
				CLANG_ANALYZER_NUMBER_OBJECT_CONVERSION = YES_AGGRESSIVE;
				CLANG_CXX_LANGUAGE_STANDARD = "gnu++14";
				CLANG_CXX_LIBRARY = "libc++";
				CLANG_ENABLE_MODULES = YES;
				CLANG_ENABLE_OBJC_ARC = YES;
				CLANG_ENABLE_OBJC_WEAK = YES;
				CLANG_WARN_BLOCK_CAPTURE_AUTORELEASING = YES;
				CLANG_WARN_BOOL_CONVERSION = YES;
				CLANG_WARN_COMMA = YES;
				CLANG_WARN_CONSTANT_CONVERSION = YES;
				CLANG_WARN_DEPRECATED_OBJC_IMPLEMENTATIONS = YES;
				CLANG_WARN_DIRECT_OBJC_ISA_USAGE = YES_ERROR;
				CLANG_WARN_DOCUMENTATION_COMMENTS = YES;
				CLANG_WARN_EMPTY_BODY = YES;
				CLANG_WARN_ENUM_CONVERSION = YES;
				CLANG_WARN_INFINITE_RECURSION = YES;
				CLANG_WARN_INT_CONVERSION = YES;
				CLANG_WARN_NON_LITERAL_NULL_CONVERSION = YES;
				CLANG_WARN_OBJC_IMPLICIT_RETAIN_SELF = YES;
				CLANG_WARN_OBJC_LITERAL_CONVERSION = YES;
				CLANG_WARN_OBJC_ROOT_CLASS = YES_ERROR;
				CLANG_WARN_RANGE_LOOP_ANALYSIS = YES;
				CLANG_WARN_STRICT_PROTOTYPES = YES;
				CLANG_WARN_SUSPICIOUS_MOVE = YES;
				CLANG_WARN_UNGUARDED_AVAILABILITY = YES_AGGRESSIVE;
				CLANG_WARN_UNREACHABLE_CODE = YES;
				CLANG_WARN__DUPLICATE_METHOD_MATCH = YES;
				COPY_PHASE_STRIP = NO;
				DEBUG_INFORMATION_FORMAT = dwarf;
				ENABLE_STRICT_OBJC_MSGSEND = YES;
				ENABLE_TESTABILITY = YES;
				GCC_C_LANGUAGE_STANDARD = gnu11;
				GCC_DYNAMIC_NO_PIC = NO;
				GCC_NO_COMMON_BLOCKS = YES;
				GCC_OPTIMIZATION_LEVEL = 0;
				GCC_PREPROCESSOR_DEFINITIONS = (
					"DEBUG=1",
					"$(inherited)",
				);
				GCC_WARN_64_TO_32_BIT_CONVERSION = YES;
				GCC_WARN_ABOUT_RETURN_TYPE = YES_ERROR;
				GCC_WARN_UNDECLARED_SELECTOR = YES;
				GCC_WARN_UNINITIALIZED_AUTOS = YES_AGGRESSIVE;
				GCC_WARN_UNUSED_FUNCTION = YES;
				GCC_WARN_UNUSED_VARIABLE = YES;
				IPHONEOS_DEPLOYMENT_TARGET = 13.5;
				MTL_ENABLE_DEBUG_INFO = INCLUDE_SOURCE;
				MTL_FAST_MATH = YES;
				ONLY_ACTIVE_ARCH = YES;
				SDKROOT = iphoneos;
				SWIFT_ACTIVE_COMPILATION_CONDITIONS = DEBUG;
				SWIFT_OPTIMIZATION_LEVEL = "-Onone";
			};
			name = Debug;
		};
		F65346EB24BEF6AC00770D9B /* Release */ = {
			isa = XCBuildConfiguration;
			buildSettings = {
				ALWAYS_SEARCH_USER_PATHS = NO;
				CLANG_ANALYZER_NONNULL = YES;
				CLANG_ANALYZER_NUMBER_OBJECT_CONVERSION = YES_AGGRESSIVE;
				CLANG_CXX_LANGUAGE_STANDARD = "gnu++14";
				CLANG_CXX_LIBRARY = "libc++";
				CLANG_ENABLE_MODULES = YES;
				CLANG_ENABLE_OBJC_ARC = YES;
				CLANG_ENABLE_OBJC_WEAK = YES;
				CLANG_WARN_BLOCK_CAPTURE_AUTORELEASING = YES;
				CLANG_WARN_BOOL_CONVERSION = YES;
				CLANG_WARN_COMMA = YES;
				CLANG_WARN_CONSTANT_CONVERSION = YES;
				CLANG_WARN_DEPRECATED_OBJC_IMPLEMENTATIONS = YES;
				CLANG_WARN_DIRECT_OBJC_ISA_USAGE = YES_ERROR;
				CLANG_WARN_DOCUMENTATION_COMMENTS = YES;
				CLANG_WARN_EMPTY_BODY = YES;
				CLANG_WARN_ENUM_CONVERSION = YES;
				CLANG_WARN_INFINITE_RECURSION = YES;
				CLANG_WARN_INT_CONVERSION = YES;
				CLANG_WARN_NON_LITERAL_NULL_CONVERSION = YES;
				CLANG_WARN_OBJC_IMPLICIT_RETAIN_SELF = YES;
				CLANG_WARN_OBJC_LITERAL_CONVERSION = YES;
				CLANG_WARN_OBJC_ROOT_CLASS = YES_ERROR;
				CLANG_WARN_RANGE_LOOP_ANALYSIS = YES;
				CLANG_WARN_STRICT_PROTOTYPES = YES;
				CLANG_WARN_SUSPICIOUS_MOVE = YES;
				CLANG_WARN_UNGUARDED_AVAILABILITY = YES_AGGRESSIVE;
				CLANG_WARN_UNREACHABLE_CODE = YES;
				CLANG_WARN__DUPLICATE_METHOD_MATCH = YES;
				COPY_PHASE_STRIP = NO;
				DEBUG_INFORMATION_FORMAT = "dwarf-with-dsym";
				ENABLE_NS_ASSERTIONS = NO;
				ENABLE_STRICT_OBJC_MSGSEND = YES;
				GCC_C_LANGUAGE_STANDARD = gnu11;
				GCC_NO_COMMON_BLOCKS = YES;
				GCC_WARN_64_TO_32_BIT_CONVERSION = YES;
				GCC_WARN_ABOUT_RETURN_TYPE = YES_ERROR;
				GCC_WARN_UNDECLARED_SELECTOR = YES;
				GCC_WARN_UNINITIALIZED_AUTOS = YES_AGGRESSIVE;
				GCC_WARN_UNUSED_FUNCTION = YES;
				GCC_WARN_UNUSED_VARIABLE = YES;
				IPHONEOS_DEPLOYMENT_TARGET = 13.5;
				MTL_ENABLE_DEBUG_INFO = NO;
				MTL_FAST_MATH = YES;
				SDKROOT = iphoneos;
				SWIFT_COMPILATION_MODE = wholemodule;
				SWIFT_OPTIMIZATION_LEVEL = "-O";
				VALIDATE_PRODUCT = YES;
			};
			name = Release;
		};
		F65346ED24BEF6AC00770D9B /* Debug */ = {
			isa = XCBuildConfiguration;
			buildSettings = {
				ASSETCATALOG_COMPILER_APPICON_NAME = AppIcon;
				CODE_SIGN_STYLE = Automatic;
				INFOPLIST_FILE = IQUIIGalleryApp/Application/Info.plist;
				LD_RUNPATH_SEARCH_PATHS = (
					"$(inherited)",
					"@executable_path/Frameworks",
				);
				PRODUCT_BUNDLE_IDENTIFIER = it.iquii.galleryapp.IQUIIGalleryApp;
				PRODUCT_NAME = "$(TARGET_NAME)";
				SWIFT_VERSION = 5.0;
				TARGETED_DEVICE_FAMILY = "1,2";
			};
			name = Debug;
		};
		F65346EE24BEF6AC00770D9B /* Release */ = {
			isa = XCBuildConfiguration;
			buildSettings = {
				ASSETCATALOG_COMPILER_APPICON_NAME = AppIcon;
				CODE_SIGN_STYLE = Automatic;
				INFOPLIST_FILE = IQUIIGalleryApp/Application/Info.plist;
				LD_RUNPATH_SEARCH_PATHS = (
					"$(inherited)",
					"@executable_path/Frameworks",
				);
				PRODUCT_BUNDLE_IDENTIFIER = it.iquii.galleryapp.IQUIIGalleryApp;
				PRODUCT_NAME = "$(TARGET_NAME)";
				SWIFT_VERSION = 5.0;
				TARGETED_DEVICE_FAMILY = "1,2";
			};
			name = Release;
		};
		F65346F024BEF6AC00770D9B /* Debug */ = {
			isa = XCBuildConfiguration;
			buildSettings = {
				ALWAYS_EMBED_SWIFT_STANDARD_LIBRARIES = YES;
				BUNDLE_LOADER = "$(TEST_HOST)";
				CODE_SIGN_STYLE = Automatic;
				INFOPLIST_FILE = IQUIIGalleryAppTests/Info.plist;
				IPHONEOS_DEPLOYMENT_TARGET = 13.5;
				LD_RUNPATH_SEARCH_PATHS = (
					"$(inherited)",
					"@executable_path/Frameworks",
					"@loader_path/Frameworks",
				);
				PRODUCT_BUNDLE_IDENTIFIER = it.iquii.galleryapp.IQUIIGalleryAppTests;
				PRODUCT_NAME = "$(TARGET_NAME)";
				SWIFT_VERSION = 5.0;
				TARGETED_DEVICE_FAMILY = "1,2";
				TEST_HOST = "$(BUILT_PRODUCTS_DIR)/IQUIIGalleryApp.app/IQUIIGalleryApp";
			};
			name = Debug;
		};
		F65346F124BEF6AC00770D9B /* Release */ = {
			isa = XCBuildConfiguration;
			buildSettings = {
				ALWAYS_EMBED_SWIFT_STANDARD_LIBRARIES = YES;
				BUNDLE_LOADER = "$(TEST_HOST)";
				CODE_SIGN_STYLE = Automatic;
				INFOPLIST_FILE = IQUIIGalleryAppTests/Info.plist;
				IPHONEOS_DEPLOYMENT_TARGET = 13.5;
				LD_RUNPATH_SEARCH_PATHS = (
					"$(inherited)",
					"@executable_path/Frameworks",
					"@loader_path/Frameworks",
				);
				PRODUCT_BUNDLE_IDENTIFIER = it.iquii.galleryapp.IQUIIGalleryAppTests;
				PRODUCT_NAME = "$(TARGET_NAME)";
				SWIFT_VERSION = 5.0;
				TARGETED_DEVICE_FAMILY = "1,2";
				TEST_HOST = "$(BUILT_PRODUCTS_DIR)/IQUIIGalleryApp.app/IQUIIGalleryApp";
			};
			name = Release;
		};
/* End XCBuildConfiguration section */

/* Begin XCConfigurationList section */
		F65346C824BEF6A700770D9B /* Build configuration list for PBXProject "IQUIIGalleryApp" */ = {
			isa = XCConfigurationList;
			buildConfigurations = (
				F65346EA24BEF6AC00770D9B /* Debug */,
				F65346EB24BEF6AC00770D9B /* Release */,
			);
			defaultConfigurationIsVisible = 0;
			defaultConfigurationName = Release;
		};
		F65346EC24BEF6AC00770D9B /* Build configuration list for PBXNativeTarget "IQUIIGalleryApp" */ = {
			isa = XCConfigurationList;
			buildConfigurations = (
				F65346ED24BEF6AC00770D9B /* Debug */,
				F65346EE24BEF6AC00770D9B /* Release */,
			);
			defaultConfigurationIsVisible = 0;
			defaultConfigurationName = Release;
		};
		F65346EF24BEF6AC00770D9B /* Build configuration list for PBXNativeTarget "IQUIIGalleryAppTests" */ = {
			isa = XCConfigurationList;
			buildConfigurations = (
				F65346F024BEF6AC00770D9B /* Debug */,
				F65346F124BEF6AC00770D9B /* Release */,
			);
			defaultConfigurationIsVisible = 0;
			defaultConfigurationName = Release;
		};
/* End XCConfigurationList section */
	};
	rootObject = F65346C524BEF6A700770D9B /* Project object */;
}
